// !$*UTF8*$!
{
	archiveVersion = 1;
	classes = {
	};
	objectVersion = 46;
	objects = {

/* Begin PBXBuildFile section */
		845018081EB17FD10089D3E2 /* AppDelegate.swift in Sources */ = {isa = PBXBuildFile; fileRef = 845018071EB17FD10089D3E2 /* AppDelegate.swift */; };
		8450180A1EB17FD10089D3E2 /* TTSiPhaseOneViewController.swift in Sources */ = {isa = PBXBuildFile; fileRef = 845018091EB17FD10089D3E2 /* TTSiPhaseOneViewController.swift */; };
		8450180D1EB17FD10089D3E2 /* Main.storyboard in Resources */ = {isa = PBXBuildFile; fileRef = 8450180B1EB17FD10089D3E2 /* Main.storyboard */; };
		8450180F1EB17FD10089D3E2 /* Assets.xcassets in Resources */ = {isa = PBXBuildFile; fileRef = 8450180E1EB17FD10089D3E2 /* Assets.xcassets */; };
		845018121EB17FD10089D3E2 /* LaunchScreen.storyboard in Resources */ = {isa = PBXBuildFile; fileRef = 845018101EB17FD10089D3E2 /* LaunchScreen.storyboard */; };
		8450181D1EB17FD10089D3E2 /* TactileTTSiTests.swift in Sources */ = {isa = PBXBuildFile; fileRef = 8450181C1EB17FD10089D3E2 /* TactileTTSiTests.swift */; };
		845018281EB17FD10089D3E2 /* TactileTTSiUITests.swift in Sources */ = {isa = PBXBuildFile; fileRef = 845018271EB17FD10089D3E2 /* TactileTTSiUITests.swift */; };
		845018361EB181810089D3E2 /* TTSiUserManager.swift in Sources */ = {isa = PBXBuildFile; fileRef = 845018351EB181810089D3E2 /* TTSiUserManager.swift */; };
		84E0CF051EB190CD001B4E61 /* Crashlytics.framework in Frameworks */ = {isa = PBXBuildFile; fileRef = 84E0CF031EB190CD001B4E61 /* Crashlytics.framework */; };
		84E0CF061EB190CD001B4E61 /* Fabric.framework in Frameworks */ = {isa = PBXBuildFile; fileRef = 84E0CF041EB190CD001B4E61 /* Fabric.framework */; };
		84E0CF151EB19989001B4E61 /* Chapter07.txt in Resources */ = {isa = PBXBuildFile; fileRef = 84E0CF091EB19989001B4E61 /* Chapter07.txt */; };
		84E0CF161EB19989001B4E61 /* filler.txt in Resources */ = {isa = PBXBuildFile; fileRef = 84E0CF0A1EB19989001B4E61 /* filler.txt */; };
		84E0CF171EB19989001B4E61 /* gettysburg.txt in Resources */ = {isa = PBXBuildFile; fileRef = 84E0CF0B1EB19989001B4E61 /* gettysburg.txt */; };
		84E0CF181EB19989001B4E61 /* orientationControl.txt in Resources */ = {isa = PBXBuildFile; fileRef = 84E0CF0C1EB19989001B4E61 /* orientationControl.txt */; };
		84E0CF191EB19989001B4E61 /* orientationExperimental.txt in Resources */ = {isa = PBXBuildFile; fileRef = 84E0CF0D1EB19989001B4E61 /* orientationExperimental.txt */; };
		84E0CF1A1EB19989001B4E61 /* paragraphtest.txt in Resources */ = {isa = PBXBuildFile; fileRef = 84E0CF0E1EB19989001B4E61 /* paragraphtest.txt */; };
		84E0CF1B1EB19989001B4E61 /* protocol.txt in Resources */ = {isa = PBXBuildFile; fileRef = 84E0CF0F1EB19989001B4E61 /* protocol.txt */; };
		84E0CF1C1EB19989001B4E61 /* protocolch10.txt in Resources */ = {isa = PBXBuildFile; fileRef = 84E0CF101EB19989001B4E61 /* protocolch10.txt */; };
		84E0CF1D1EB19989001B4E61 /* protocolch11.txt in Resources */ = {isa = PBXBuildFile; fileRef = 84E0CF111EB19989001B4E61 /* protocolch11.txt */; };
		84E0CF1E1EB19989001B4E61 /* protocolshort.txt in Resources */ = {isa = PBXBuildFile; fileRef = 84E0CF121EB19989001B4E61 /* protocolshort.txt */; };
		84E0CF1F1EB19989001B4E61 /* training.txt in Resources */ = {isa = PBXBuildFile; fileRef = 84E0CF131EB19989001B4E61 /* training.txt */; };
		84E0CF201EB19989001B4E61 /* trainingshort.txt in Resources */ = {isa = PBXBuildFile; fileRef = 84E0CF141EB19989001B4E61 /* trainingshort.txt */; };
/* End PBXBuildFile section */

/* Begin PBXContainerItemProxy section */
		845018191EB17FD10089D3E2 /* PBXContainerItemProxy */ = {
			isa = PBXContainerItemProxy;
			containerPortal = 845017FC1EB17FD10089D3E2 /* Project object */;
			proxyType = 1;
			remoteGlobalIDString = 845018031EB17FD10089D3E2;
			remoteInfo = TactileTTSi;
		};
		845018241EB17FD10089D3E2 /* PBXContainerItemProxy */ = {
			isa = PBXContainerItemProxy;
			containerPortal = 845017FC1EB17FD10089D3E2 /* Project object */;
			proxyType = 1;
			remoteGlobalIDString = 845018031EB17FD10089D3E2;
			remoteInfo = TactileTTSi;
		};
/* End PBXContainerItemProxy section */

/* Begin PBXFileReference section */
		845018041EB17FD10089D3E2 /* TactileTTSi.app */ = {isa = PBXFileReference; explicitFileType = wrapper.application; includeInIndex = 0; path = TactileTTSi.app; sourceTree = BUILT_PRODUCTS_DIR; };
		845018071EB17FD10089D3E2 /* AppDelegate.swift */ = {isa = PBXFileReference; lastKnownFileType = sourcecode.swift; path = AppDelegate.swift; sourceTree = "<group>"; };
		845018091EB17FD10089D3E2 /* TTSiPhaseOneViewController.swift */ = {isa = PBXFileReference; lastKnownFileType = sourcecode.swift; path = TTSiPhaseOneViewController.swift; sourceTree = "<group>"; };
		8450180C1EB17FD10089D3E2 /* Base */ = {isa = PBXFileReference; lastKnownFileType = file.storyboard; name = Base; path = Base.lproj/Main.storyboard; sourceTree = "<group>"; };
		8450180E1EB17FD10089D3E2 /* Assets.xcassets */ = {isa = PBXFileReference; lastKnownFileType = folder.assetcatalog; path = Assets.xcassets; sourceTree = "<group>"; };
		845018111EB17FD10089D3E2 /* Base */ = {isa = PBXFileReference; lastKnownFileType = file.storyboard; name = Base; path = Base.lproj/LaunchScreen.storyboard; sourceTree = "<group>"; };
		845018131EB17FD10089D3E2 /* Info.plist */ = {isa = PBXFileReference; lastKnownFileType = text.plist.xml; path = Info.plist; sourceTree = "<group>"; };
		845018181EB17FD10089D3E2 /* TactileTTSiTests.xctest */ = {isa = PBXFileReference; explicitFileType = wrapper.cfbundle; includeInIndex = 0; path = TactileTTSiTests.xctest; sourceTree = BUILT_PRODUCTS_DIR; };
		8450181C1EB17FD10089D3E2 /* TactileTTSiTests.swift */ = {isa = PBXFileReference; lastKnownFileType = sourcecode.swift; path = TactileTTSiTests.swift; sourceTree = "<group>"; };
		8450181E1EB17FD10089D3E2 /* Info.plist */ = {isa = PBXFileReference; lastKnownFileType = text.plist.xml; path = Info.plist; sourceTree = "<group>"; };
		845018231EB17FD10089D3E2 /* TactileTTSiUITests.xctest */ = {isa = PBXFileReference; explicitFileType = wrapper.cfbundle; includeInIndex = 0; path = TactileTTSiUITests.xctest; sourceTree = BUILT_PRODUCTS_DIR; };
		845018271EB17FD10089D3E2 /* TactileTTSiUITests.swift */ = {isa = PBXFileReference; lastKnownFileType = sourcecode.swift; path = TactileTTSiUITests.swift; sourceTree = "<group>"; };
		845018291EB17FD10089D3E2 /* Info.plist */ = {isa = PBXFileReference; lastKnownFileType = text.plist.xml; path = Info.plist; sourceTree = "<group>"; };
		845018351EB181810089D3E2 /* TTSiUserManager.swift */ = {isa = PBXFileReference; fileEncoding = 4; lastKnownFileType = sourcecode.swift; path = TTSiUserManager.swift; sourceTree = "<group>"; };
		84E0CF031EB190CD001B4E61 /* Crashlytics.framework */ = {isa = PBXFileReference; lastKnownFileType = wrapper.framework; path = Crashlytics.framework; sourceTree = "<group>"; };
		84E0CF041EB190CD001B4E61 /* Fabric.framework */ = {isa = PBXFileReference; lastKnownFileType = wrapper.framework; path = Fabric.framework; sourceTree = "<group>"; };
		84E0CF091EB19989001B4E61 /* Chapter07.txt */ = {isa = PBXFileReference; fileEncoding = 4; lastKnownFileType = text; path = Chapter07.txt; sourceTree = "<group>"; };
		84E0CF0A1EB19989001B4E61 /* filler.txt */ = {isa = PBXFileReference; fileEncoding = 4; lastKnownFileType = text; path = filler.txt; sourceTree = "<group>"; };
		84E0CF0B1EB19989001B4E61 /* gettysburg.txt */ = {isa = PBXFileReference; fileEncoding = 4; lastKnownFileType = text; path = gettysburg.txt; sourceTree = "<group>"; };
		84E0CF0C1EB19989001B4E61 /* orientationControl.txt */ = {isa = PBXFileReference; fileEncoding = 4; lastKnownFileType = text; path = orientationControl.txt; sourceTree = "<group>"; };
		84E0CF0D1EB19989001B4E61 /* orientationExperimental.txt */ = {isa = PBXFileReference; fileEncoding = 4; lastKnownFileType = text; path = orientationExperimental.txt; sourceTree = "<group>"; };
		84E0CF0E1EB19989001B4E61 /* paragraphtest.txt */ = {isa = PBXFileReference; fileEncoding = 4; lastKnownFileType = text; path = paragraphtest.txt; sourceTree = "<group>"; };
		84E0CF0F1EB19989001B4E61 /* protocol.txt */ = {isa = PBXFileReference; fileEncoding = 4; lastKnownFileType = text; path = protocol.txt; sourceTree = "<group>"; };
		84E0CF101EB19989001B4E61 /* protocolch10.txt */ = {isa = PBXFileReference; fileEncoding = 4; lastKnownFileType = text; path = protocolch10.txt; sourceTree = "<group>"; };
		84E0CF111EB19989001B4E61 /* protocolch11.txt */ = {isa = PBXFileReference; fileEncoding = 4; lastKnownFileType = text; path = protocolch11.txt; sourceTree = "<group>"; };
		84E0CF121EB19989001B4E61 /* protocolshort.txt */ = {isa = PBXFileReference; fileEncoding = 4; lastKnownFileType = text; path = protocolshort.txt; sourceTree = "<group>"; };
		84E0CF131EB19989001B4E61 /* training.txt */ = {isa = PBXFileReference; fileEncoding = 4; lastKnownFileType = text; path = training.txt; sourceTree = "<group>"; };
		84E0CF141EB19989001B4E61 /* trainingshort.txt */ = {isa = PBXFileReference; fileEncoding = 4; lastKnownFileType = text; path = trainingshort.txt; sourceTree = "<group>"; };
/* End PBXFileReference section */

/* Begin PBXFrameworksBuildPhase section */
		845018011EB17FD10089D3E2 /* Frameworks */ = {
			isa = PBXFrameworksBuildPhase;
			buildActionMask = 2147483647;
			files = (
				84E0CF051EB190CD001B4E61 /* Crashlytics.framework in Frameworks */,
				84E0CF061EB190CD001B4E61 /* Fabric.framework in Frameworks */,
			);
			runOnlyForDeploymentPostprocessing = 0;
		};
		845018151EB17FD10089D3E2 /* Frameworks */ = {
			isa = PBXFrameworksBuildPhase;
			buildActionMask = 2147483647;
			files = (
			);
			runOnlyForDeploymentPostprocessing = 0;
		};
		845018201EB17FD10089D3E2 /* Frameworks */ = {
			isa = PBXFrameworksBuildPhase;
			buildActionMask = 2147483647;
			files = (
			);
			runOnlyForDeploymentPostprocessing = 0;
		};
/* End PBXFrameworksBuildPhase section */

/* Begin PBXGroup section */
		845017FB1EB17FD10089D3E2 = {
			isa = PBXGroup;
			children = (
				845018061EB17FD10089D3E2 /* TactileTTSi */,
				8450181B1EB17FD10089D3E2 /* TactileTTSiTests */,
				845018261EB17FD10089D3E2 /* TactileTTSiUITests */,
				845018051EB17FD10089D3E2 /* Products */,
				84E0CF041EB190CD001B4E61 /* Fabric.framework */,
				84E0CF031EB190CD001B4E61 /* Crashlytics.framework */,
			);
			sourceTree = "<group>";
		};
		845018051EB17FD10089D3E2 /* Products */ = {
			isa = PBXGroup;
			children = (
				845018041EB17FD10089D3E2 /* TactileTTSi.app */,
				845018181EB17FD10089D3E2 /* TactileTTSiTests.xctest */,
				845018231EB17FD10089D3E2 /* TactileTTSiUITests.xctest */,
			);
			name = Products;
			sourceTree = "<group>";
		};
		845018061EB17FD10089D3E2 /* TactileTTSi */ = {
			isa = PBXGroup;
			children = (
				84E0CF081EB19934001B4E61 /* Supporting Files */,
				845018071EB17FD10089D3E2 /* AppDelegate.swift */,
				845018091EB17FD10089D3E2 /* TTSiPhaseOneViewController.swift */,
				845018351EB181810089D3E2 /* TTSiUserManager.swift */,
				8450180B1EB17FD10089D3E2 /* Main.storyboard */,
				845018101EB17FD10089D3E2 /* LaunchScreen.storyboard */,
				845018131EB17FD10089D3E2 /* Info.plist */,
			);
			path = TactileTTSi;
			sourceTree = "<group>";
		};
		8450181B1EB17FD10089D3E2 /* TactileTTSiTests */ = {
			isa = PBXGroup;
			children = (
				8450181C1EB17FD10089D3E2 /* TactileTTSiTests.swift */,
				8450181E1EB17FD10089D3E2 /* Info.plist */,
			);
			path = TactileTTSiTests;
			sourceTree = "<group>";
		};
		845018261EB17FD10089D3E2 /* TactileTTSiUITests */ = {
			isa = PBXGroup;
			children = (
				845018271EB17FD10089D3E2 /* TactileTTSiUITests.swift */,
				845018291EB17FD10089D3E2 /* Info.plist */,
			);
			path = TactileTTSiUITests;
			sourceTree = "<group>";
		};
		84E0CF081EB19934001B4E61 /* Supporting Files */ = {
			isa = PBXGroup;
			children = (
				84E0CF091EB19989001B4E61 /* Chapter07.txt */,
				84E0CF0A1EB19989001B4E61 /* filler.txt */,
				84E0CF0B1EB19989001B4E61 /* gettysburg.txt */,
				84E0CF0C1EB19989001B4E61 /* orientationControl.txt */,
				84E0CF0D1EB19989001B4E61 /* orientationExperimental.txt */,
				8450180E1EB17FD10089D3E2 /* Assets.xcassets */,
				84E0CF0E1EB19989001B4E61 /* paragraphtest.txt */,
				84E0CF0F1EB19989001B4E61 /* protocol.txt */,
				84E0CF101EB19989001B4E61 /* protocolch10.txt */,
				84E0CF111EB19989001B4E61 /* protocolch11.txt */,
				84E0CF121EB19989001B4E61 /* protocolshort.txt */,
				84E0CF131EB19989001B4E61 /* training.txt */,
				84E0CF141EB19989001B4E61 /* trainingshort.txt */,
			);
			name = "Supporting Files";
			sourceTree = "<group>";
		};
/* End PBXGroup section */

/* Begin PBXNativeTarget section */
		845018031EB17FD10089D3E2 /* TactileTTSi */ = {
			isa = PBXNativeTarget;
			buildConfigurationList = 8450182C1EB17FD10089D3E2 /* Build configuration list for PBXNativeTarget "TactileTTSi" */;
			buildPhases = (
				845018001EB17FD10089D3E2 /* Sources */,
				845018011EB17FD10089D3E2 /* Frameworks */,
				845018021EB17FD10089D3E2 /* Resources */,
				84E0CF071EB19153001B4E61 /* ShellScript */,
			);
			buildRules = (
			);
			dependencies = (
			);
			name = TactileTTSi;
			productName = TactileTTSi;
			productReference = 845018041EB17FD10089D3E2 /* TactileTTSi.app */;
			productType = "com.apple.product-type.application";
		};
		845018171EB17FD10089D3E2 /* TactileTTSiTests */ = {
			isa = PBXNativeTarget;
			buildConfigurationList = 8450182F1EB17FD10089D3E2 /* Build configuration list for PBXNativeTarget "TactileTTSiTests" */;
			buildPhases = (
				845018141EB17FD10089D3E2 /* Sources */,
				845018151EB17FD10089D3E2 /* Frameworks */,
				845018161EB17FD10089D3E2 /* Resources */,
			);
			buildRules = (
			);
			dependencies = (
				8450181A1EB17FD10089D3E2 /* PBXTargetDependency */,
			);
			name = TactileTTSiTests;
			productName = TactileTTSiTests;
			productReference = 845018181EB17FD10089D3E2 /* TactileTTSiTests.xctest */;
			productType = "com.apple.product-type.bundle.unit-test";
		};
		845018221EB17FD10089D3E2 /* TactileTTSiUITests */ = {
			isa = PBXNativeTarget;
			buildConfigurationList = 845018321EB17FD10089D3E2 /* Build configuration list for PBXNativeTarget "TactileTTSiUITests" */;
			buildPhases = (
				8450181F1EB17FD10089D3E2 /* Sources */,
				845018201EB17FD10089D3E2 /* Frameworks */,
				845018211EB17FD10089D3E2 /* Resources */,
			);
			buildRules = (
			);
			dependencies = (
				845018251EB17FD10089D3E2 /* PBXTargetDependency */,
			);
			name = TactileTTSiUITests;
			productName = TactileTTSiUITests;
			productReference = 845018231EB17FD10089D3E2 /* TactileTTSiUITests.xctest */;
			productType = "com.apple.product-type.bundle.ui-testing";
		};
/* End PBXNativeTarget section */

/* Begin PBXProject section */
		845017FC1EB17FD10089D3E2 /* Project object */ = {
			isa = PBXProject;
			attributes = {
				LastSwiftUpdateCheck = 0830;
				LastUpgradeCheck = 0830;
				ORGANIZATIONNAME = "David Sweeney";
				TargetAttributes = {
					845018031EB17FD10089D3E2 = {
						CreatedOnToolsVersion = 8.3.2;
						DevelopmentTeam = HPE7QY6HEB;
						ProvisioningStyle = Automatic;
					};
					845018171EB17FD10089D3E2 = {
						CreatedOnToolsVersion = 8.3.2;
						DevelopmentTeam = HPE7QY6HEB;
						ProvisioningStyle = Automatic;
						TestTargetID = 845018031EB17FD10089D3E2;
					};
					845018221EB17FD10089D3E2 = {
						CreatedOnToolsVersion = 8.3.2;
						DevelopmentTeam = HPE7QY6HEB;
						ProvisioningStyle = Automatic;
						TestTargetID = 845018031EB17FD10089D3E2;
					};
				};
			};
			buildConfigurationList = 845017FF1EB17FD10089D3E2 /* Build configuration list for PBXProject "TactileTTSi" */;
			compatibilityVersion = "Xcode 3.2";
			developmentRegion = English;
			hasScannedForEncodings = 0;
			knownRegions = (
				en,
				Base,
			);
			mainGroup = 845017FB1EB17FD10089D3E2;
			productRefGroup = 845018051EB17FD10089D3E2 /* Products */;
			projectDirPath = "";
			projectRoot = "";
			targets = (
				845018031EB17FD10089D3E2 /* TactileTTSi */,
				845018171EB17FD10089D3E2 /* TactileTTSiTests */,
				845018221EB17FD10089D3E2 /* TactileTTSiUITests */,
			);
		};
/* End PBXProject section */

/* Begin PBXResourcesBuildPhase section */
		845018021EB17FD10089D3E2 /* Resources */ = {
			isa = PBXResourcesBuildPhase;
			buildActionMask = 2147483647;
			files = (
				84E0CF1B1EB19989001B4E61 /* protocol.txt in Resources */,
				84E0CF171EB19989001B4E61 /* gettysburg.txt in Resources */,
				845018121EB17FD10089D3E2 /* LaunchScreen.storyboard in Resources */,
				84E0CF1C1EB19989001B4E61 /* protocolch10.txt in Resources */,
				84E0CF1F1EB19989001B4E61 /* training.txt in Resources */,
				84E0CF151EB19989001B4E61 /* Chapter07.txt in Resources */,
				84E0CF201EB19989001B4E61 /* trainingshort.txt in Resources */,
				84E0CF191EB19989001B4E61 /* orientationExperimental.txt in Resources */,
				84E0CF161EB19989001B4E61 /* filler.txt in Resources */,
				8450180F1EB17FD10089D3E2 /* Assets.xcassets in Resources */,
				84E0CF1A1EB19989001B4E61 /* paragraphtest.txt in Resources */,
				84E0CF1E1EB19989001B4E61 /* protocolshort.txt in Resources */,
				84E0CF1D1EB19989001B4E61 /* protocolch11.txt in Resources */,
				84E0CF181EB19989001B4E61 /* orientationControl.txt in Resources */,
				8450180D1EB17FD10089D3E2 /* Main.storyboard in Resources */,
			);
			runOnlyForDeploymentPostprocessing = 0;
		};
		845018161EB17FD10089D3E2 /* Resources */ = {
			isa = PBXResourcesBuildPhase;
			buildActionMask = 2147483647;
			files = (
			);
			runOnlyForDeploymentPostprocessing = 0;
		};
		845018211EB17FD10089D3E2 /* Resources */ = {
			isa = PBXResourcesBuildPhase;
			buildActionMask = 2147483647;
			files = (
			);
			runOnlyForDeploymentPostprocessing = 0;
		};
/* End PBXResourcesBuildPhase section */

/* Begin PBXShellScriptBuildPhase section */
		84E0CF071EB19153001B4E61 /* ShellScript */ = {
			isa = PBXShellScriptBuildPhase;
			buildActionMask = 2147483647;
			files = (
			);
			inputPaths = (
			);
			outputPaths = (
			);
			runOnlyForDeploymentPostprocessing = 0;
			shellPath = /bin/sh;
			shellScript = "./Fabric.framework/run a746b0c0a9605c2ee9de5c169de7677206a3b8f5 ca723f1648e75313eb708cbd549593671ddeccddbcd6284f71270f44efdd9ced";
		};
/* End PBXShellScriptBuildPhase section */

/* Begin PBXSourcesBuildPhase section */
		845018001EB17FD10089D3E2 /* Sources */ = {
			isa = PBXSourcesBuildPhase;
			buildActionMask = 2147483647;
			files = (
				845018361EB181810089D3E2 /* TTSiUserManager.swift in Sources */,
				8450180A1EB17FD10089D3E2 /* TTSiPhaseOneViewController.swift in Sources */,
				845018081EB17FD10089D3E2 /* AppDelegate.swift in Sources */,
			);
			runOnlyForDeploymentPostprocessing = 0;
		};
		845018141EB17FD10089D3E2 /* Sources */ = {
			isa = PBXSourcesBuildPhase;
			buildActionMask = 2147483647;
			files = (
				8450181D1EB17FD10089D3E2 /* TactileTTSiTests.swift in Sources */,
			);
			runOnlyForDeploymentPostprocessing = 0;
		};
		8450181F1EB17FD10089D3E2 /* Sources */ = {
			isa = PBXSourcesBuildPhase;
			buildActionMask = 2147483647;
			files = (
				845018281EB17FD10089D3E2 /* TactileTTSiUITests.swift in Sources */,
			);
			runOnlyForDeploymentPostprocessing = 0;
		};
/* End PBXSourcesBuildPhase section */

/* Begin PBXTargetDependency section */
		8450181A1EB17FD10089D3E2 /* PBXTargetDependency */ = {
			isa = PBXTargetDependency;
			target = 845018031EB17FD10089D3E2 /* TactileTTSi */;
			targetProxy = 845018191EB17FD10089D3E2 /* PBXContainerItemProxy */;
		};
		845018251EB17FD10089D3E2 /* PBXTargetDependency */ = {
			isa = PBXTargetDependency;
			target = 845018031EB17FD10089D3E2 /* TactileTTSi */;
			targetProxy = 845018241EB17FD10089D3E2 /* PBXContainerItemProxy */;
		};
/* End PBXTargetDependency section */

/* Begin PBXVariantGroup section */
		8450180B1EB17FD10089D3E2 /* Main.storyboard */ = {
			isa = PBXVariantGroup;
			children = (
				8450180C1EB17FD10089D3E2 /* Base */,
			);
			name = Main.storyboard;
			sourceTree = "<group>";
		};
		845018101EB17FD10089D3E2 /* LaunchScreen.storyboard */ = {
			isa = PBXVariantGroup;
			children = (
				845018111EB17FD10089D3E2 /* Base */,
			);
			name = LaunchScreen.storyboard;
			sourceTree = "<group>";
		};
/* End PBXVariantGroup section */

/* Begin XCBuildConfiguration section */
		8450182A1EB17FD10089D3E2 /* Debug */ = {
			isa = XCBuildConfiguration;
			buildSettings = {
				ALWAYS_SEARCH_USER_PATHS = NO;
				CLANG_ANALYZER_NONNULL = YES;
				CLANG_ANALYZER_NUMBER_OBJECT_CONVERSION = YES_AGGRESSIVE;
				CLANG_CXX_LANGUAGE_STANDARD = "gnu++0x";
				CLANG_CXX_LIBRARY = "libc++";
				CLANG_ENABLE_MODULES = YES;
				CLANG_ENABLE_OBJC_ARC = YES;
				CLANG_WARN_BOOL_CONVERSION = YES;
				CLANG_WARN_CONSTANT_CONVERSION = YES;
				CLANG_WARN_DIRECT_OBJC_ISA_USAGE = YES_ERROR;
				CLANG_WARN_DOCUMENTATION_COMMENTS = YES;
				CLANG_WARN_EMPTY_BODY = YES;
				CLANG_WARN_ENUM_CONVERSION = YES;
				CLANG_WARN_INFINITE_RECURSION = YES;
				CLANG_WARN_INT_CONVERSION = YES;
				CLANG_WARN_OBJC_ROOT_CLASS = YES_ERROR;
				CLANG_WARN_SUSPICIOUS_MOVE = YES;
				CLANG_WARN_UNREACHABLE_CODE = YES;
				CLANG_WARN__DUPLICATE_METHOD_MATCH = YES;
				"CODE_SIGN_IDENTITY[sdk=iphoneos*]" = "iPhone Developer";
				COPY_PHASE_STRIP = NO;
				DEBUG_INFORMATION_FORMAT = "dwarf-with-dsym";
				ENABLE_STRICT_OBJC_MSGSEND = YES;
				ENABLE_TESTABILITY = YES;
				GCC_C_LANGUAGE_STANDARD = gnu99;
				GCC_DYNAMIC_NO_PIC = NO;
				GCC_NO_COMMON_BLOCKS = YES;
				GCC_OPTIMIZATION_LEVEL = 0;
				GCC_PREPROCESSOR_DEFINITIONS = (
					"DEBUG=1",
					"$(inherited)",
				);
				GCC_WARN_64_TO_32_BIT_CONVERSION = YES;
				GCC_WARN_ABOUT_RETURN_TYPE = YES_ERROR;
				GCC_WARN_UNDECLARED_SELECTOR = YES;
				GCC_WARN_UNINITIALIZED_AUTOS = YES_AGGRESSIVE;
				GCC_WARN_UNUSED_FUNCTION = YES;
				GCC_WARN_UNUSED_VARIABLE = YES;
				IPHONEOS_DEPLOYMENT_TARGET = 10.3;
				MTL_ENABLE_DEBUG_INFO = YES;
				ONLY_ACTIVE_ARCH = YES;
				SDKROOT = iphoneos;
				SWIFT_ACTIVE_COMPILATION_CONDITIONS = DEBUG;
				SWIFT_OPTIMIZATION_LEVEL = "-Onone";
				TARGETED_DEVICE_FAMILY = "1,2";
			};
			name = Debug;
		};
		8450182B1EB17FD10089D3E2 /* Release */ = {
			isa = XCBuildConfiguration;
			buildSettings = {
				ALWAYS_SEARCH_USER_PATHS = NO;
				CLANG_ANALYZER_NONNULL = YES;
				CLANG_ANALYZER_NUMBER_OBJECT_CONVERSION = YES_AGGRESSIVE;
				CLANG_CXX_LANGUAGE_STANDARD = "gnu++0x";
				CLANG_CXX_LIBRARY = "libc++";
				CLANG_ENABLE_MODULES = YES;
				CLANG_ENABLE_OBJC_ARC = YES;
				CLANG_WARN_BOOL_CONVERSION = YES;
				CLANG_WARN_CONSTANT_CONVERSION = YES;
				CLANG_WARN_DIRECT_OBJC_ISA_USAGE = YES_ERROR;
				CLANG_WARN_DOCUMENTATION_COMMENTS = YES;
				CLANG_WARN_EMPTY_BODY = YES;
				CLANG_WARN_ENUM_CONVERSION = YES;
				CLANG_WARN_INFINITE_RECURSION = YES;
				CLANG_WARN_INT_CONVERSION = YES;
				CLANG_WARN_OBJC_ROOT_CLASS = YES_ERROR;
				CLANG_WARN_SUSPICIOUS_MOVE = YES;
				CLANG_WARN_UNREACHABLE_CODE = YES;
				CLANG_WARN__DUPLICATE_METHOD_MATCH = YES;
				"CODE_SIGN_IDENTITY[sdk=iphoneos*]" = "iPhone Developer";
				COPY_PHASE_STRIP = NO;
				DEBUG_INFORMATION_FORMAT = "dwarf-with-dsym";
				ENABLE_NS_ASSERTIONS = NO;
				ENABLE_STRICT_OBJC_MSGSEND = YES;
				GCC_C_LANGUAGE_STANDARD = gnu99;
				GCC_NO_COMMON_BLOCKS = YES;
				GCC_WARN_64_TO_32_BIT_CONVERSION = YES;
				GCC_WARN_ABOUT_RETURN_TYPE = YES_ERROR;
				GCC_WARN_UNDECLARED_SELECTOR = YES;
				GCC_WARN_UNINITIALIZED_AUTOS = YES_AGGRESSIVE;
				GCC_WARN_UNUSED_FUNCTION = YES;
				GCC_WARN_UNUSED_VARIABLE = YES;
				IPHONEOS_DEPLOYMENT_TARGET = 10.3;
				MTL_ENABLE_DEBUG_INFO = NO;
				SDKROOT = iphoneos;
				SWIFT_OPTIMIZATION_LEVEL = "-Owholemodule";
				TARGETED_DEVICE_FAMILY = "1,2";
				VALIDATE_PRODUCT = YES;
			};
			name = Release;
		};
		8450182D1EB17FD10089D3E2 /* Debug */ = {
			isa = XCBuildConfiguration;
			buildSettings = {
				ASSETCATALOG_COMPILER_APPICON_NAME = AppIcon;
				DEVELOPMENT_TEAM = HPE7QY6HEB;
				FRAMEWORK_SEARCH_PATHS = (
					"$(inherited)",
					"$(PROJECT_DIR)",
				);
				INFOPLIST_FILE = TactileTTSi/Info.plist;
				LD_RUNPATH_SEARCH_PATHS = "$(inherited) @executable_path/Frameworks";
				PRODUCT_BUNDLE_IDENTIFIER = edu.tamu.adaptiman.TactileTTSi;
				PRODUCT_NAME = "$(TARGET_NAME)";
				SWIFT_VERSION = 3.0;
			};
			name = Debug;
		};
		8450182E1EB17FD10089D3E2 /* Release */ = {
			isa = XCBuildConfiguration;
			buildSettings = {
				ASSETCATALOG_COMPILER_APPICON_NAME = AppIcon;
				DEVELOPMENT_TEAM = HPE7QY6HEB;
				FRAMEWORK_SEARCH_PATHS = (
					"$(inherited)",
					"$(PROJECT_DIR)",
				);
				INFOPLIST_FILE = TactileTTSi/Info.plist;
				LD_RUNPATH_SEARCH_PATHS = "$(inherited) @executable_path/Frameworks";
				PRODUCT_BUNDLE_IDENTIFIER = edu.tamu.adaptiman.TactileTTSi;
				PRODUCT_NAME = "$(TARGET_NAME)";
				SWIFT_VERSION = 3.0;
			};
			name = Release;
		};
		845018301EB17FD10089D3E2 /* Debug */ = {
			isa = XCBuildConfiguration;
			buildSettings = {
				ALWAYS_EMBED_SWIFT_STANDARD_LIBRARIES = YES;
				BUNDLE_LOADER = "$(TEST_HOST)";
				DEVELOPMENT_TEAM = HPE7QY6HEB;
				INFOPLIST_FILE = TactileTTSiTests/Info.plist;
				LD_RUNPATH_SEARCH_PATHS = "$(inherited) @executable_path/Frameworks @loader_path/Frameworks";
				PRODUCT_BUNDLE_IDENTIFIER = edu.tamu.adaptiman.TactileTTSiTests;
				PRODUCT_NAME = "$(TARGET_NAME)";
				SWIFT_VERSION = 3.0;
				TEST_HOST = "$(BUILT_PRODUCTS_DIR)/TactileTTSi.app/TactileTTSi";
			};
			name = Debug;
		};
		845018311EB17FD10089D3E2 /* Release */ = {
			isa = XCBuildConfiguration;
			buildSettings = {
				ALWAYS_EMBED_SWIFT_STANDARD_LIBRARIES = YES;
				BUNDLE_LOADER = "$(TEST_HOST)";
				DEVELOPMENT_TEAM = HPE7QY6HEB;
				INFOPLIST_FILE = TactileTTSiTests/Info.plist;
				LD_RUNPATH_SEARCH_PATHS = "$(inherited) @executable_path/Frameworks @loader_path/Frameworks";
				PRODUCT_BUNDLE_IDENTIFIER = edu.tamu.adaptiman.TactileTTSiTests;
				PRODUCT_NAME = "$(TARGET_NAME)";
				SWIFT_VERSION = 3.0;
				TEST_HOST = "$(BUILT_PRODUCTS_DIR)/TactileTTSi.app/TactileTTSi";
			};
			name = Release;
		};
		845018331EB17FD10089D3E2 /* Debug */ = {
			isa = XCBuildConfiguration;
			buildSettings = {
				ALWAYS_EMBED_SWIFT_STANDARD_LIBRARIES = YES;
				DEVELOPMENT_TEAM = HPE7QY6HEB;
				INFOPLIST_FILE = TactileTTSiUITests/Info.plist;
				LD_RUNPATH_SEARCH_PATHS = "$(inherited) @executable_path/Frameworks @loader_path/Frameworks";
				PRODUCT_BUNDLE_IDENTIFIER = edu.tamu.adaptiman.TactileTTSiUITests;
				PRODUCT_NAME = "$(TARGET_NAME)";
				SWIFT_VERSION = 3.0;
				TEST_TARGET_NAME = TactileTTSi;
			};
			name = Debug;
		};
		845018341EB17FD10089D3E2 /* Release */ = {
			isa = XCBuildConfiguration;
			buildSettings = {
				ALWAYS_EMBED_SWIFT_STANDARD_LIBRARIES = YES;
				DEVELOPMENT_TEAM = HPE7QY6HEB;
				INFOPLIST_FILE = TactileTTSiUITests/Info.plist;
				LD_RUNPATH_SEARCH_PATHS = "$(inherited) @executable_path/Frameworks @loader_path/Frameworks";
				PRODUCT_BUNDLE_IDENTIFIER = edu.tamu.adaptiman.TactileTTSiUITests;
				PRODUCT_NAME = "$(TARGET_NAME)";
				SWIFT_VERSION = 3.0;
				TEST_TARGET_NAME = TactileTTSi;
			};
			name = Release;
		};
/* End XCBuildConfiguration section */

/* Begin XCConfigurationList section */
		845017FF1EB17FD10089D3E2 /* Build configuration list for PBXProject "TactileTTSi" */ = {
			isa = XCConfigurationList;
			buildConfigurations = (
				8450182A1EB17FD10089D3E2 /* Debug */,
				8450182B1EB17FD10089D3E2 /* Release */,
			);
			defaultConfigurationIsVisible = 0;
			defaultConfigurationName = Release;
		};
		8450182C1EB17FD10089D3E2 /* Build configuration list for PBXNativeTarget "TactileTTSi" */ = {
			isa = XCConfigurationList;
			buildConfigurations = (
				8450182D1EB17FD10089D3E2 /* Debug */,
				8450182E1EB17FD10089D3E2 /* Release */,
			);
			defaultConfigurationIsVisible = 0;
			defaultConfigurationName = Release;
		};
		8450182F1EB17FD10089D3E2 /* Build configuration list for PBXNativeTarget "TactileTTSiTests" */ = {
			isa = XCConfigurationList;
			buildConfigurations = (
				845018301EB17FD10089D3E2 /* Debug */,
				845018311EB17FD10089D3E2 /* Release */,
			);
			defaultConfigurationIsVisible = 0;
			defaultConfigurationName = Release;
		};
		845018321EB17FD10089D3E2 /* Build configuration list for PBXNativeTarget "TactileTTSiUITests" */ = {
			isa = XCConfigurationList;
			buildConfigurations = (
				845018331EB17FD10089D3E2 /* Debug */,
				845018341EB17FD10089D3E2 /* Release */,
			);
			defaultConfigurationIsVisible = 0;
			defaultConfigurationName = Release;
		};
/* End XCConfigurationList section */
	};
	rootObject = 845017FC1EB17FD10089D3E2 /* Project object */;
}
